// !$*UTF8*$!
{
	archiveVersion = 1;
	classes = {
	};
	objectVersion = 46;
	objects = {

/* Begin PBXBuildFile section */
		C0671F741EA7EBAB007BEDA4 /* AppDelegate.swift in Sources */ = {isa = PBXBuildFile; fileRef = C0671F701EA7EBAB007BEDA4 /* AppDelegate.swift */; };
		C0671F751EA7EBAB007BEDA4 /* Assets.xcassets in Resources */ = {isa = PBXBuildFile; fileRef = C0671F711EA7EBAB007BEDA4 /* Assets.xcassets */; };
		C0671F761EA7EBAB007BEDA4 /* Info.plist in Resources */ = {isa = PBXBuildFile; fileRef = C0671F721EA7EBAB007BEDA4 /* Info.plist */; };
		C0671F771EA7EBAB007BEDA4 /* ViewController.swift in Sources */ = {isa = PBXBuildFile; fileRef = C0671F731EA7EBAB007BEDA4 /* ViewController.swift */; };
		C0671F7C1EA7EBB8007BEDA4 /* LaunchScreen.storyboard in Resources */ = {isa = PBXBuildFile; fileRef = C0671F781EA7EBB8007BEDA4 /* LaunchScreen.storyboard */; };
		C0671F7D1EA7EBB8007BEDA4 /* Main.storyboard in Resources */ = {isa = PBXBuildFile; fileRef = C0671F7A1EA7EBB8007BEDA4 /* Main.storyboard */; };
		C0671F921EA7EC1C007BEDA4 /* Media.xcassets in Resources */ = {isa = PBXBuildFile; fileRef = C0671F7F1EA7EC1C007BEDA4 /* Media.xcassets */; };
		C0671F931EA7EC1C007BEDA4 /* SwiftWebVC.strings in Resources */ = {isa = PBXBuildFile; fileRef = C0671F811EA7EC1C007BEDA4 /* SwiftWebVC.strings */; };
		C0671F941EA7EC1C007BEDA4 /* SwiftModalWebVC.swift in Sources */ = {isa = PBXBuildFile; fileRef = C0671F8D1EA7EC1C007BEDA4 /* SwiftModalWebVC.swift */; };
		C0671F951EA7EC1C007BEDA4 /* SwiftWebVC.swift in Sources */ = {isa = PBXBuildFile; fileRef = C0671F8E1EA7EC1C007BEDA4 /* SwiftWebVC.swift */; };
		C0671F961EA7EC1C007BEDA4 /* SwiftWebVCActivity.swift in Sources */ = {isa = PBXBuildFile; fileRef = C0671F8F1EA7EC1C007BEDA4 /* SwiftWebVCActivity.swift */; };
		C0671F971EA7EC1C007BEDA4 /* SwiftWebVCActivityChrome.swift in Sources */ = {isa = PBXBuildFile; fileRef = C0671F901EA7EC1C007BEDA4 /* SwiftWebVCActivityChrome.swift */; };
		C0671F981EA7EC1C007BEDA4 /* SwiftWebVCActivitySafari.swift in Sources */ = {isa = PBXBuildFile; fileRef = C0671F911EA7EC1C007BEDA4 /* SwiftWebVCActivitySafari.swift */; };
/* End PBXBuildFile section */

/* Begin PBXFileReference section */
		00FFF8551E09977500015C59 /* KaleDate.app */ = {isa = PBXFileReference; explicitFileType = wrapper.application; includeInIndex = 0; path = KaleDate.app; sourceTree = BUILT_PRODUCTS_DIR; };
		C0671F701EA7EBAB007BEDA4 /* AppDelegate.swift */ = {isa = PBXFileReference; fileEncoding = 4; lastKnownFileType = sourcecode.swift; name = AppDelegate.swift; path = KaleDateWebVC/AppDelegate.swift; sourceTree = SOURCE_ROOT; };
		C0671F711EA7EBAB007BEDA4 /* Assets.xcassets */ = {isa = PBXFileReference; lastKnownFileType = folder.assetcatalog; name = Assets.xcassets; path = KaleDateWebVC/Assets.xcassets; sourceTree = SOURCE_ROOT; };
		C0671F721EA7EBAB007BEDA4 /* Info.plist */ = {isa = PBXFileReference; fileEncoding = 4; lastKnownFileType = text.plist.xml; name = Info.plist; path = KaleDateWebVC/Info.plist; sourceTree = SOURCE_ROOT; };
		C0671F731EA7EBAB007BEDA4 /* ViewController.swift */ = {isa = PBXFileReference; fileEncoding = 4; lastKnownFileType = sourcecode.swift; name = ViewController.swift; path = KaleDateWebVC/ViewController.swift; sourceTree = SOURCE_ROOT; };
		C0671F791EA7EBB8007BEDA4 /* Base */ = {isa = PBXFileReference; lastKnownFileType = file.storyboard; name = Base; path = KaleDateWebVC/Base.lproj/LaunchScreen.storyboard; sourceTree = SOURCE_ROOT; };
		C0671F7B1EA7EBB8007BEDA4 /* Base */ = {isa = PBXFileReference; lastKnownFileType = file.storyboard; name = Base; path = KaleDateWebVC/Base.lproj/Main.storyboard; sourceTree = SOURCE_ROOT; };
		C0671F7F1EA7EC1C007BEDA4 /* Media.xcassets */ = {isa = PBXFileReference; lastKnownFileType = folder.assetcatalog; path = Media.xcassets; sourceTree = "<group>"; };
		C0671F821EA7EC1C007BEDA4 /* da */ = {isa = PBXFileReference; lastKnownFileType = text.plist.strings; name = da; path = da.lproj/SwiftWebVC.strings; sourceTree = "<group>"; };
		C0671F831EA7EC1C007BEDA4 /* de */ = {isa = PBXFileReference; lastKnownFileType = text.plist.strings; name = de; path = de.lproj/SwiftWebVC.strings; sourceTree = "<group>"; };
		C0671F841EA7EC1C007BEDA4 /* en */ = {isa = PBXFileReference; lastKnownFileType = text.plist.strings; name = en; path = en.lproj/SwiftWebVC.strings; sourceTree = "<group>"; };
		C0671F851EA7EC1C007BEDA4 /* es-ES */ = {isa = PBXFileReference; lastKnownFileType = text.plist.strings; name = "es-ES"; path = "es-ES.lproj/SwiftWebVC.strings"; sourceTree = "<group>"; };
		C0671F861EA7EC1C007BEDA4 /* es */ = {isa = PBXFileReference; lastKnownFileType = text.plist.strings; name = es; path = es.lproj/SwiftWebVC.strings; sourceTree = "<group>"; };
		C0671F871EA7EC1C007BEDA4 /* fr */ = {isa = PBXFileReference; lastKnownFileType = text.plist.strings; name = fr; path = fr.lproj/SwiftWebVC.strings; sourceTree = "<group>"; };
		C0671F881EA7EC1C007BEDA4 /* ja */ = {isa = PBXFileReference; lastKnownFileType = text.plist.strings; name = ja; path = ja.lproj/SwiftWebVC.strings; sourceTree = "<group>"; };
		C0671F891EA7EC1C007BEDA4 /* pt */ = {isa = PBXFileReference; lastKnownFileType = text.plist.strings; name = pt; path = pt.lproj/SwiftWebVC.strings; sourceTree = "<group>"; };
		C0671F8A1EA7EC1C007BEDA4 /* vi */ = {isa = PBXFileReference; lastKnownFileType = text.plist.strings; name = vi; path = vi.lproj/SwiftWebVC.strings; sourceTree = "<group>"; };
		C0671F8B1EA7EC1C007BEDA4 /* zh-Hans */ = {isa = PBXFileReference; lastKnownFileType = text.plist.strings; name = "zh-Hans"; path = "zh-Hans.lproj/SwiftWebVC.strings"; sourceTree = "<group>"; };
		C0671F8C1EA7EC1C007BEDA4 /* zh-Hant */ = {isa = PBXFileReference; lastKnownFileType = text.plist.strings; name = "zh-Hant"; path = "zh-Hant.lproj/SwiftWebVC.strings"; sourceTree = "<group>"; };
		C0671F8D1EA7EC1C007BEDA4 /* SwiftModalWebVC.swift */ = {isa = PBXFileReference; fileEncoding = 4; lastKnownFileType = sourcecode.swift; name = SwiftModalWebVC.swift; path = KaleDateWebVC/SwiftModalWebVC.swift; sourceTree = SOURCE_ROOT; };
		C0671F8E1EA7EC1C007BEDA4 /* SwiftWebVC.swift */ = {isa = PBXFileReference; fileEncoding = 4; lastKnownFileType = sourcecode.swift; name = SwiftWebVC.swift; path = KaleDateWebVC/SwiftWebVC.swift; sourceTree = SOURCE_ROOT; };
		C0671F8F1EA7EC1C007BEDA4 /* SwiftWebVCActivity.swift */ = {isa = PBXFileReference; fileEncoding = 4; lastKnownFileType = sourcecode.swift; name = SwiftWebVCActivity.swift; path = KaleDateWebVC/SwiftWebVCActivity.swift; sourceTree = SOURCE_ROOT; };
		C0671F901EA7EC1C007BEDA4 /* SwiftWebVCActivityChrome.swift */ = {isa = PBXFileReference; fileEncoding = 4; lastKnownFileType = sourcecode.swift; name = SwiftWebVCActivityChrome.swift; path = KaleDateWebVC/SwiftWebVCActivityChrome.swift; sourceTree = SOURCE_ROOT; };
		C0671F911EA7EC1C007BEDA4 /* SwiftWebVCActivitySafari.swift */ = {isa = PBXFileReference; fileEncoding = 4; lastKnownFileType = sourcecode.swift; name = SwiftWebVCActivitySafari.swift; path = KaleDateWebVC/SwiftWebVCActivitySafari.swift; sourceTree = SOURCE_ROOT; };
/* End PBXFileReference section */

/* Begin PBXFrameworksBuildPhase section */
		00FFF8521E09977500015C59 /* Frameworks */ = {
			isa = PBXFrameworksBuildPhase;
			buildActionMask = 2147483647;
			files = (
			);
			runOnlyForDeploymentPostprocessing = 0;
		};
/* End PBXFrameworksBuildPhase section */

/* Begin PBXGroup section */
		00FFF84C1E09977500015C59 = {
			isa = PBXGroup;
			children = (
				00FFF8571E09977500015C59 /* KaleDateWebVC */,
				00FFF8561E09977500015C59 /* Products */,
			);
			sourceTree = "<group>";
		};
		00FFF8561E09977500015C59 /* Products */ = {
			isa = PBXGroup;
			children = (
				00FFF8551E09977500015C59 /* KaleDate.app */,
			);
			name = Products;
			sourceTree = "<group>";
		};
		00FFF8571E09977500015C59 /* KaleDateWebVC */ = {
			isa = PBXGroup;
			children = (
				C0671F7E1EA7EC1C007BEDA4 /* Resources */,
				C0671F801EA7EC1C007BEDA4 /* Strings */,
				C0671F8D1EA7EC1C007BEDA4 /* SwiftModalWebVC.swift */,
				C0671F8E1EA7EC1C007BEDA4 /* SwiftWebVC.swift */,
				C0671F8F1EA7EC1C007BEDA4 /* SwiftWebVCActivity.swift */,
				C0671F901EA7EC1C007BEDA4 /* SwiftWebVCActivityChrome.swift */,
				C0671F911EA7EC1C007BEDA4 /* SwiftWebVCActivitySafari.swift */,
				C0671F731EA7EBAB007BEDA4 /* ViewController.swift */,
				C0671F781EA7EBB8007BEDA4 /* LaunchScreen.storyboard */,
				C0671F7A1EA7EBB8007BEDA4 /* Main.storyboard */,
				C0671F701EA7EBAB007BEDA4 /* AppDelegate.swift */,
				C0671F711EA7EBAB007BEDA4 /* Assets.xcassets */,
				C0671F721EA7EBAB007BEDA4 /* Info.plist */,
			);
			name = KaleDateWebVC;
			path = SwiftWebVCExample;
			sourceTree = "<group>";
		};
		C0671F7E1EA7EC1C007BEDA4 /* Resources */ = {
			isa = PBXGroup;
			children = (
				C0671F7F1EA7EC1C007BEDA4 /* Media.xcassets */,
			);
			name = Resources;
			path = KaleDateWebVC/Resources;
			sourceTree = SOURCE_ROOT;
		};
		C0671F801EA7EC1C007BEDA4 /* Strings */ = {
			isa = PBXGroup;
			children = (
				C0671F811EA7EC1C007BEDA4 /* SwiftWebVC.strings */,
			);
			name = Strings;
			path = KaleDateWebVC/Strings;
			sourceTree = SOURCE_ROOT;
		};
/* End PBXGroup section */

/* Begin PBXNativeTarget section */
		00FFF8541E09977500015C59 /* KaleDate */ = {
			isa = PBXNativeTarget;
			buildConfigurationList = 00FFF8671E09977500015C59 /* Build configuration list for PBXNativeTarget "KaleDate" */;
			buildPhases = (
				00FFF8511E09977500015C59 /* Sources */,
				00FFF8521E09977500015C59 /* Frameworks */,
				00FFF8531E09977500015C59 /* Resources */,
			);
			buildRules = (
			);
			dependencies = (
			);
			name = KaleDate;
			productName = SwiftWebVCExample;
			productReference = 00FFF8551E09977500015C59 /* KaleDate.app */;
			productType = "com.apple.product-type.application";
		};
/* End PBXNativeTarget section */

/* Begin PBXProject section */
		00FFF84D1E09977500015C59 /* Project object */ = {
			isa = PBXProject;
			attributes = {
				LastSwiftUpdateCheck = 0820;
				LastUpgradeCheck = 0830;
				ORGANIZATIONNAME = "Myles Ringle";
				TargetAttributes = {
					00FFF8541E09977500015C59 = {
						CreatedOnToolsVersion = 8.2.1;
						DevelopmentTeam = 3688NWMJCR;
						ProvisioningStyle = Automatic;
					};
				};
			};
			buildConfigurationList = 00FFF8501E09977500015C59 /* Build configuration list for PBXProject "KaleDate" */;
			compatibilityVersion = "Xcode 3.2";
			developmentRegion = English;
			hasScannedForEncodings = 0;
			knownRegions = (
				en,
				Base,
				da,
				de,
				"es-ES",
				es,
				fr,
				ja,
				pt,
				vi,
				"zh-Hans",
				"zh-Hant",
			);
			mainGroup = 00FFF84C1E09977500015C59;
			productRefGroup = 00FFF8561E09977500015C59 /* Products */;
			projectDirPath = "";
			projectRoot = "";
			targets = (
				00FFF8541E09977500015C59 /* KaleDate */,
			);
		};
/* End PBXProject section */

/* Begin PBXResourcesBuildPhase section */
		00FFF8531E09977500015C59 /* Resources */ = {
			isa = PBXResourcesBuildPhase;
			buildActionMask = 2147483647;
			files = (
				C0671F931EA7EC1C007BEDA4 /* SwiftWebVC.strings in Resources */,
				C0671F921EA7EC1C007BEDA4 /* Media.xcassets in Resources */,
				C0671F761EA7EBAB007BEDA4 /* Info.plist in Resources */,
				C0671F751EA7EBAB007BEDA4 /* Assets.xcassets in Resources */,
				C0671F7D1EA7EBB8007BEDA4 /* Main.storyboard in Resources */,
				C0671F7C1EA7EBB8007BEDA4 /* LaunchScreen.storyboard in Resources */,
			);
			runOnlyForDeploymentPostprocessing = 0;
		};
/* End PBXResourcesBuildPhase section */

/* Begin PBXSourcesBuildPhase section */
		00FFF8511E09977500015C59 /* Sources */ = {
			isa = PBXSourcesBuildPhase;
			buildActionMask = 2147483647;
			files = (
				C0671F971EA7EC1C007BEDA4 /* SwiftWebVCActivityChrome.swift in Sources */,
				C0671F941EA7EC1C007BEDA4 /* SwiftModalWebVC.swift in Sources */,
				C0671F741EA7EBAB007BEDA4 /* AppDelegate.swift in Sources */,
				C0671F981EA7EC1C007BEDA4 /* SwiftWebVCActivitySafari.swift in Sources */,
				C0671F771EA7EBAB007BEDA4 /* ViewController.swift in Sources */,
				C0671F951EA7EC1C007BEDA4 /* SwiftWebVC.swift in Sources */,
				C0671F961EA7EC1C007BEDA4 /* SwiftWebVCActivity.swift in Sources */,
			);
			runOnlyForDeploymentPostprocessing = 0;
		};
/* End PBXSourcesBuildPhase section */

/* Begin PBXVariantGroup section */
		C0671F781EA7EBB8007BEDA4 /* LaunchScreen.storyboard */ = {
			isa = PBXVariantGroup;
			children = (
				C0671F791EA7EBB8007BEDA4 /* Base */,
			);
			name = LaunchScreen.storyboard;
			sourceTree = "<group>";
		};
		C0671F7A1EA7EBB8007BEDA4 /* Main.storyboard */ = {
			isa = PBXVariantGroup;
			children = (
				C0671F7B1EA7EBB8007BEDA4 /* Base */,
			);
			name = Main.storyboard;
			sourceTree = "<group>";
		};
		C0671F811EA7EC1C007BEDA4 /* SwiftWebVC.strings */ = {
			isa = PBXVariantGroup;
			children = (
				C0671F821EA7EC1C007BEDA4 /* da */,
				C0671F831EA7EC1C007BEDA4 /* de */,
				C0671F841EA7EC1C007BEDA4 /* en */,
				C0671F851EA7EC1C007BEDA4 /* es-ES */,
				C0671F861EA7EC1C007BEDA4 /* es */,
				C0671F871EA7EC1C007BEDA4 /* fr */,
				C0671F881EA7EC1C007BEDA4 /* ja */,
				C0671F891EA7EC1C007BEDA4 /* pt */,
				C0671F8A1EA7EC1C007BEDA4 /* vi */,
				C0671F8B1EA7EC1C007BEDA4 /* zh-Hans */,
				C0671F8C1EA7EC1C007BEDA4 /* zh-Hant */,
			);
			name = SwiftWebVC.strings;
			sourceTree = "<group>";
		};
/* End PBXVariantGroup section */

/* Begin XCBuildConfiguration section */
		00FFF8651E09977500015C59 /* Debug */ = {
			isa = XCBuildConfiguration;
			buildSettings = {
				ALWAYS_SEARCH_USER_PATHS = NO;
				CLANG_ANALYZER_LOCALIZABILITY_NONLOCALIZED = YES;
				CLANG_ANALYZER_NONNULL = YES;
				CLANG_CXX_LANGUAGE_STANDARD = "gnu++0x";
				CLANG_CXX_LIBRARY = "libc++";
				CLANG_ENABLE_MODULES = YES;
				CLANG_ENABLE_OBJC_ARC = YES;
				CLANG_WARN_BOOL_CONVERSION = YES;
				CLANG_WARN_CONSTANT_CONVERSION = YES;
				CLANG_WARN_DIRECT_OBJC_ISA_USAGE = YES_ERROR;
				CLANG_WARN_DOCUMENTATION_COMMENTS = YES;
				CLANG_WARN_EMPTY_BODY = YES;
				CLANG_WARN_ENUM_CONVERSION = YES;
				CLANG_WARN_INFINITE_RECURSION = YES;
				CLANG_WARN_INT_CONVERSION = YES;
				CLANG_WARN_OBJC_ROOT_CLASS = YES_ERROR;
				CLANG_WARN_SUSPICIOUS_MOVE = YES;
				CLANG_WARN_UNREACHABLE_CODE = YES;
				CLANG_WARN__DUPLICATE_METHOD_MATCH = YES;
				"CODE_SIGN_IDENTITY[sdk=iphoneos*]" = "iPhone Developer";
				COPY_PHASE_STRIP = NO;
				DEBUG_INFORMATION_FORMAT = dwarf;
				ENABLE_STRICT_OBJC_MSGSEND = YES;
				ENABLE_TESTABILITY = YES;
				GCC_C_LANGUAGE_STANDARD = gnu99;
				GCC_DYNAMIC_NO_PIC = NO;
				GCC_NO_COMMON_BLOCKS = YES;
				GCC_OPTIMIZATION_LEVEL = 0;
				GCC_PREPROCESSOR_DEFINITIONS = (
					"DEBUG=1",
					"$(inherited)",
				);
				GCC_WARN_64_TO_32_BIT_CONVERSION = YES;
				GCC_WARN_ABOUT_RETURN_TYPE = YES_ERROR;
				GCC_WARN_UNDECLARED_SELECTOR = YES;
				GCC_WARN_UNINITIALIZED_AUTOS = YES_AGGRESSIVE;
				GCC_WARN_UNUSED_FUNCTION = YES;
				GCC_WARN_UNUSED_VARIABLE = YES;
				IPHONEOS_DEPLOYMENT_TARGET = 9.0;
				MTL_ENABLE_DEBUG_INFO = YES;
				ONLY_ACTIVE_ARCH = YES;
				SDKROOT = iphoneos;
				SWIFT_ACTIVE_COMPILATION_CONDITIONS = DEBUG;
				SWIFT_OPTIMIZATION_LEVEL = "-Onone";
				TARGETED_DEVICE_FAMILY = "1,2";
			};
			name = Debug;
		};
		00FFF8661E09977500015C59 /* Release */ = {
			isa = XCBuildConfiguration;
			buildSettings = {
				ALWAYS_SEARCH_USER_PATHS = NO;
				CLANG_ANALYZER_LOCALIZABILITY_NONLOCALIZED = YES;
				CLANG_ANALYZER_NONNULL = YES;
				CLANG_CXX_LANGUAGE_STANDARD = "gnu++0x";
				CLANG_CXX_LIBRARY = "libc++";
				CLANG_ENABLE_MODULES = YES;
				CLANG_ENABLE_OBJC_ARC = YES;
				CLANG_WARN_BOOL_CONVERSION = YES;
				CLANG_WARN_CONSTANT_CONVERSION = YES;
				CLANG_WARN_DIRECT_OBJC_ISA_USAGE = YES_ERROR;
				CLANG_WARN_DOCUMENTATION_COMMENTS = YES;
				CLANG_WARN_EMPTY_BODY = YES;
				CLANG_WARN_ENUM_CONVERSION = YES;
				CLANG_WARN_INFINITE_RECURSION = YES;
				CLANG_WARN_INT_CONVERSION = YES;
				CLANG_WARN_OBJC_ROOT_CLASS = YES_ERROR;
				CLANG_WARN_SUSPICIOUS_MOVE = YES;
				CLANG_WARN_UNREACHABLE_CODE = YES;
				CLANG_WARN__DUPLICATE_METHOD_MATCH = YES;
				"CODE_SIGN_IDENTITY[sdk=iphoneos*]" = "iPhone Developer";
				COPY_PHASE_STRIP = NO;
				DEBUG_INFORMATION_FORMAT = "dwarf-with-dsym";
				ENABLE_NS_ASSERTIONS = NO;
				ENABLE_STRICT_OBJC_MSGSEND = YES;
				GCC_C_LANGUAGE_STANDARD = gnu99;
				GCC_NO_COMMON_BLOCKS = YES;
				GCC_WARN_64_TO_32_BIT_CONVERSION = YES;
				GCC_WARN_ABOUT_RETURN_TYPE = YES_ERROR;
				GCC_WARN_UNDECLARED_SELECTOR = YES;
				GCC_WARN_UNINITIALIZED_AUTOS = YES_AGGRESSIVE;
				GCC_WARN_UNUSED_FUNCTION = YES;
				GCC_WARN_UNUSED_VARIABLE = YES;
				IPHONEOS_DEPLOYMENT_TARGET = 9.0;
				MTL_ENABLE_DEBUG_INFO = NO;
				SDKROOT = iphoneos;
				SWIFT_OPTIMIZATION_LEVEL = "-Owholemodule";
				TARGETED_DEVICE_FAMILY = "1,2";
				VALIDATE_PRODUCT = YES;
			};
			name = Release;
		};
		00FFF8681E09977500015C59 /* Debug */ = {
			isa = XCBuildConfiguration;
			buildSettings = {
				ASSETCATALOG_COMPILER_APPICON_NAME = AppIcon;
				DEVELOPMENT_TEAM = 3688NWMJCR;
				INFOPLIST_FILE = "$(SRCROOT)/KaleDateWebVC/Info.plist";
				IPHONEOS_DEPLOYMENT_TARGET = 9.0;
				LD_RUNPATH_SEARCH_PATHS = "$(inherited) @executable_path/Frameworks";
				PRODUCT_BUNDLE_IDENTIFIER = com.kaledate;
				PRODUCT_NAME = "$(TARGET_NAME)";
				SWIFT_VERSION = 3.0.1;
			};
			name = Debug;
		};
		00FFF8691E09977500015C59 /* Release */ = {
			isa = XCBuildConfiguration;
			buildSettings = {
				ASSETCATALOG_COMPILER_APPICON_NAME = AppIcon;
				DEVELOPMENT_TEAM = 3688NWMJCR;
				INFOPLIST_FILE = "$(SRCROOT)/KaleDateWebVC/Info.plist";
				IPHONEOS_DEPLOYMENT_TARGET = 9.0;
				LD_RUNPATH_SEARCH_PATHS = "$(inherited) @executable_path/Frameworks";
				PRODUCT_BUNDLE_IDENTIFIER = com.kaledate;
				PRODUCT_NAME = "$(TARGET_NAME)";
				SWIFT_VERSION = 3.0.1;
			};
			name = Release;
		};
/* End XCBuildConfiguration section */

/* Begin XCConfigurationList section */
		00FFF8501E09977500015C59 /* Build configuration list for PBXProject "KaleDate" */ = {
			isa = XCConfigurationList;
			buildConfigurations = (
				00FFF8651E09977500015C59 /* Debug */,
				00FFF8661E09977500015C59 /* Release */,
			);
			defaultConfigurationIsVisible = 0;
			defaultConfigurationName = Release;
		};
		00FFF8671E09977500015C59 /* Build configuration list for PBXNativeTarget "KaleDate" */ = {
			isa = XCConfigurationList;
			buildConfigurations = (
				00FFF8681E09977500015C59 /* Debug */,
				00FFF8691E09977500015C59 /* Release */,
			);
			defaultConfigurationIsVisible = 0;
			defaultConfigurationName = Release;
		};
/* End XCConfigurationList section */
	};
	rootObject = 00FFF84D1E09977500015C59 /* Project object */;
}
